
Microsoft Visual Studio Solution File, Format Version 12.00
# Visual Studio Version 16
VisualStudioVersion = 16.0.809.10
MinimumVisualStudioVersion = 10.0.40219.1
Project("{FAE04EC0-301F-11D3-BF4B-00C04F79EFBC}") = "c-sharp-hello-world", "c-sharp-hello-world\c-sharp-hello-world.csproj", "{399FCF24-4C9B-4362-AFE4-AF904CC4A217}"
EndProject
Global
	GlobalSection(SolutionConfigurationPlatforms) = preSolution
		Debug|Any CPU = Debug|Any CPU
		Release|Any CPU = Release|Any CPU
	EndGlobalSection
	GlobalSection(ProjectConfigurationPlatforms) = postSolution
		{399FCF24-4C9B-4362-AFE4-AF904CC4A217}.Debug|Any CPU.ActiveCfg = Debug|Any CPU
		{399FCF24-4C9B-4362-AFE4-AF904CC4A217}.Debug|Any CPU.Build.0 = Debug|Any CPU
		{399FCF24-4C9B-4362-AFE4-AF904CC4A217}.Release|Any CPU.ActiveCfg = Release|Any CPU
		{399FCF24-4C9B-4362-AFE4-AF904CC4A217}.Release|Any CPU.Build.0 = Release|Any CPU
	EndGlobalSection
	GlobalSection(SolutionProperties) = preSolution
		HideSolutionNode = FALSE
	EndGlobalSection
	GlobalSection(ExtensibilityGlobals) = postSolution
		SolutionGuid = {DC1D87B0-5AB9-4CF2-AA53-A29C998EC486}
	EndGlobalSection
EndGlobal
